
Microsoft Visual Studio Solution File, Format Version 12.00
# Visual Studio Version 16
VisualStudioVersion = 16.0.30907.101
MinimumVisualStudioVersion = 10.0.40219.1
Project("{9A19103F-16F7-4668-BE54-9A1E7A4F7556}") = "HorusWebErp", "HorusWebErp.csproj", "{867777D6-1FCF-478F-A1BA-B4D4CE7CE799}"
EndProject
Project("{FAE04EC0-301F-11D3-BF4B-00C04F79EFBC}") = "RDLCDesign", "..\RDLCDesign\RDLCDesign.csproj", "{2E814A7B-8804-424D-83C0-111A5861DD09}"
EndProject
Global
	GlobalSection(SolutionConfigurationPlatforms) = preSolution
		Debug|Any CPU = Debug|Any CPU
		Release|Any CPU = Release|Any CPU
	EndGlobalSection
	GlobalSection(ProjectConfigurationPlatforms) = postSolution
		{867777D6-1FCF-478F-A1BA-B4D4CE7CE799}.Debug|Any CPU.ActiveCfg = Debug|Any CPU
		{867777D6-1FCF-478F-A1BA-B4D4CE7CE799}.Debug|Any CPU.Build.0 = Debug|Any CPU
		{867777D6-1FCF-478F-A1BA-B4D4CE7CE799}.Release|Any CPU.ActiveCfg = Release|Any CPU
		{867777D6-1FCF-478F-A1BA-B4D4CE7CE799}.Release|Any CPU.Build.0 = Release|Any CPU
		{2E814A7B-8804-424D-83C0-111A5861DD09}.Debug|Any CPU.ActiveCfg = Debug|Any CPU
		{2E814A7B-8804-424D-83C0-111A5861DD09}.Debug|Any CPU.Build.0 = Debug|Any CPU
		{2E814A7B-8804-424D-83C0-111A5861DD09}.Release|Any CPU.ActiveCfg = Release|Any CPU
		{2E814A7B-8804-424D-83C0-111A5861DD09}.Release|Any CPU.Build.0 = Release|Any CPU
	EndGlobalSection
	GlobalSection(SolutionProperties) = preSolution
		HideSolutionNode = FALSE
	EndGlobalSection
	GlobalSection(ExtensibilityGlobals) = postSolution
		SolutionGuid = {522B2F07-B3B7-4942-B9BF-A601C73C4177}
	EndGlobalSection
EndGlobal
